// !$*UTF8*$!
{
	archiveVersion = 1;
	classes = {
	};
	objectVersion = 55;
	objects = {

/* Begin PBXBuildFile section */
		96B22E332769E70C00090F6E /* CoffeIT_appApp.swift in Sources */ = {isa = PBXBuildFile; fileRef = 96B22E322769E70C00090F6E /* CoffeIT_appApp.swift */; };
		96B22E352769E70C00090F6E /* ContentView.swift in Sources */ = {isa = PBXBuildFile; fileRef = 96B22E342769E70C00090F6E /* ContentView.swift */; };
		96B22E372769E70D00090F6E /* Assets.xcassets in Resources */ = {isa = PBXBuildFile; fileRef = 96B22E362769E70D00090F6E /* Assets.xcassets */; };
		96B22E3A2769E70D00090F6E /* Preview Assets.xcassets in Resources */ = {isa = PBXBuildFile; fileRef = 96B22E392769E70D00090F6E /* Preview Assets.xcassets */; };
		96B22E442769E70E00090F6E /* CoffeIT_appTests.swift in Sources */ = {isa = PBXBuildFile; fileRef = 96B22E432769E70E00090F6E /* CoffeIT_appTests.swift */; };
		96B22E4E2769E70E00090F6E /* CoffeIT_appUITests.swift in Sources */ = {isa = PBXBuildFile; fileRef = 96B22E4D2769E70E00090F6E /* CoffeIT_appUITests.swift */; };
		96B22E502769E70E00090F6E /* CoffeIT_appUITestsLaunchTests.swift in Sources */ = {isa = PBXBuildFile; fileRef = 96B22E4F2769E70E00090F6E /* CoffeIT_appUITestsLaunchTests.swift */; };
		96B22E60276A197A00090F6E /* Networking.swift in Sources */ = {isa = PBXBuildFile; fileRef = 96B22E5F276A197A00090F6E /* Networking.swift */; };
		96B22E62276A19B600090F6E /* DependenciesInjection.swift in Sources */ = {isa = PBXBuildFile; fileRef = 96B22E61276A19B600090F6E /* DependenciesInjection.swift */; };
		96B22E64276A1BF600090F6E /* DITestCase.swift in Sources */ = {isa = PBXBuildFile; fileRef = 96B22E63276A1BF600090F6E /* DITestCase.swift */; };
		96B22E66276A2AAA00090F6E /* NetworkingTestCase.swift in Sources */ = {isa = PBXBuildFile; fileRef = 96B22E65276A2AAA00090F6E /* NetworkingTestCase.swift */; };
		ED1CD78F276AC93E00891BDC /* RemoteRepository.swift in Sources */ = {isa = PBXBuildFile; fileRef = ED1CD78E276AC93E00891BDC /* RemoteRepository.swift */; };
		ED1CD791276ACC2D00891BDC /* CoffeeMachine.swift in Sources */ = {isa = PBXBuildFile; fileRef = ED1CD790276ACC2D00891BDC /* CoffeeMachine.swift */; };
		ED1CD793276ACE2100891BDC /* DataSourceTestCase.swift in Sources */ = {isa = PBXBuildFile; fileRef = ED1CD792276ACE2100891BDC /* DataSourceTestCase.swift */; };
		ED1CD795276ACE6B00891BDC /* Resources.swift in Sources */ = {isa = PBXBuildFile; fileRef = ED1CD794276ACE6B00891BDC /* Resources.swift */; };
		ED1CD798276ACFFB00891BDC /* IRemoteRepository.swift in Sources */ = {isa = PBXBuildFile; fileRef = ED1CD797276ACFFB00891BDC /* IRemoteRepository.swift */; };
		ED1CD79A276AD02200891BDC /* INetworking.swift in Sources */ = {isa = PBXBuildFile; fileRef = ED1CD799276AD02200891BDC /* INetworking.swift */; };
		ED1CD79D276AD0A600891BDC /* Usecase.swift in Sources */ = {isa = PBXBuildFile; fileRef = ED1CD79C276AD0A600891BDC /* Usecase.swift */; };
		ED1CD7A0276AD47F00891BDC /* LoaderView.swift in Sources */ = {isa = PBXBuildFile; fileRef = ED1CD79F276AD47F00891BDC /* LoaderView.swift */; };
		ED1CD7A3276ADD1200891BDC /* View+Navigation.swift in Sources */ = {isa = PBXBuildFile; fileRef = ED1CD7A2276ADD1200891BDC /* View+Navigation.swift */; };
/* End PBXBuildFile section */

/* Begin PBXContainerItemProxy section */
		96B22E402769E70E00090F6E /* PBXContainerItemProxy */ = {
			isa = PBXContainerItemProxy;
			containerPortal = 96B22E272769E70C00090F6E /* Project object */;
			proxyType = 1;
			remoteGlobalIDString = 96B22E2E2769E70C00090F6E;
			remoteInfo = "CoffeIT-app";
		};
		96B22E4A2769E70E00090F6E /* PBXContainerItemProxy */ = {
			isa = PBXContainerItemProxy;
			containerPortal = 96B22E272769E70C00090F6E /* Project object */;
			proxyType = 1;
			remoteGlobalIDString = 96B22E2E2769E70C00090F6E;
			remoteInfo = "CoffeIT-app";
		};
/* End PBXContainerItemProxy section */

/* Begin PBXFileReference section */
		96B22E2F2769E70C00090F6E /* CoffeIT-app.app */ = {isa = PBXFileReference; explicitFileType = wrapper.application; includeInIndex = 0; path = "CoffeIT-app.app"; sourceTree = BUILT_PRODUCTS_DIR; };
		96B22E322769E70C00090F6E /* CoffeIT_appApp.swift */ = {isa = PBXFileReference; lastKnownFileType = sourcecode.swift; path = CoffeIT_appApp.swift; sourceTree = "<group>"; };
		96B22E342769E70C00090F6E /* ContentView.swift */ = {isa = PBXFileReference; lastKnownFileType = sourcecode.swift; path = ContentView.swift; sourceTree = "<group>"; };
		96B22E362769E70D00090F6E /* Assets.xcassets */ = {isa = PBXFileReference; lastKnownFileType = folder.assetcatalog; path = Assets.xcassets; sourceTree = "<group>"; };
		96B22E392769E70D00090F6E /* Preview Assets.xcassets */ = {isa = PBXFileReference; lastKnownFileType = folder.assetcatalog; path = "Preview Assets.xcassets"; sourceTree = "<group>"; };
		96B22E3F2769E70E00090F6E /* CoffeIT-appTests.xctest */ = {isa = PBXFileReference; explicitFileType = wrapper.cfbundle; includeInIndex = 0; path = "CoffeIT-appTests.xctest"; sourceTree = BUILT_PRODUCTS_DIR; };
		96B22E432769E70E00090F6E /* CoffeIT_appTests.swift */ = {isa = PBXFileReference; lastKnownFileType = sourcecode.swift; path = CoffeIT_appTests.swift; sourceTree = "<group>"; };
		96B22E492769E70E00090F6E /* CoffeIT-appUITests.xctest */ = {isa = PBXFileReference; explicitFileType = wrapper.cfbundle; includeInIndex = 0; path = "CoffeIT-appUITests.xctest"; sourceTree = BUILT_PRODUCTS_DIR; };
		96B22E4D2769E70E00090F6E /* CoffeIT_appUITests.swift */ = {isa = PBXFileReference; lastKnownFileType = sourcecode.swift; path = CoffeIT_appUITests.swift; sourceTree = "<group>"; };
		96B22E4F2769E70E00090F6E /* CoffeIT_appUITestsLaunchTests.swift */ = {isa = PBXFileReference; lastKnownFileType = sourcecode.swift; path = CoffeIT_appUITestsLaunchTests.swift; sourceTree = "<group>"; };
		96B22E5F276A197A00090F6E /* Networking.swift */ = {isa = PBXFileReference; lastKnownFileType = sourcecode.swift; path = Networking.swift; sourceTree = "<group>"; };
		96B22E61276A19B600090F6E /* DependenciesInjection.swift */ = {isa = PBXFileReference; lastKnownFileType = sourcecode.swift; path = DependenciesInjection.swift; sourceTree = "<group>"; };
		96B22E63276A1BF600090F6E /* DITestCase.swift */ = {isa = PBXFileReference; lastKnownFileType = sourcecode.swift; path = DITestCase.swift; sourceTree = "<group>"; };
		96B22E65276A2AAA00090F6E /* NetworkingTestCase.swift */ = {isa = PBXFileReference; lastKnownFileType = sourcecode.swift; path = NetworkingTestCase.swift; sourceTree = "<group>"; };
		ED1CD78E276AC93E00891BDC /* RemoteRepository.swift */ = {isa = PBXFileReference; lastKnownFileType = sourcecode.swift; path = RemoteRepository.swift; sourceTree = "<group>"; };
		ED1CD790276ACC2D00891BDC /* CoffeeMachine.swift */ = {isa = PBXFileReference; lastKnownFileType = sourcecode.swift; path = CoffeeMachine.swift; sourceTree = "<group>"; };
		ED1CD792276ACE2100891BDC /* DataSourceTestCase.swift */ = {isa = PBXFileReference; lastKnownFileType = sourcecode.swift; path = DataSourceTestCase.swift; sourceTree = "<group>"; };
		ED1CD794276ACE6B00891BDC /* Resources.swift */ = {isa = PBXFileReference; lastKnownFileType = sourcecode.swift; path = Resources.swift; sourceTree = "<group>"; };
		ED1CD797276ACFFB00891BDC /* IRemoteRepository.swift */ = {isa = PBXFileReference; lastKnownFileType = sourcecode.swift; path = IRemoteRepository.swift; sourceTree = "<group>"; };
		ED1CD799276AD02200891BDC /* INetworking.swift */ = {isa = PBXFileReference; lastKnownFileType = sourcecode.swift; path = INetworking.swift; sourceTree = "<group>"; };
		ED1CD79C276AD0A600891BDC /* Usecase.swift */ = {isa = PBXFileReference; lastKnownFileType = sourcecode.swift; path = Usecase.swift; sourceTree = "<group>"; };
		ED1CD79F276AD47F00891BDC /* LoaderView.swift */ = {isa = PBXFileReference; lastKnownFileType = sourcecode.swift; path = LoaderView.swift; sourceTree = "<group>"; };
		ED1CD7A2276ADD1200891BDC /* View+Navigation.swift */ = {isa = PBXFileReference; lastKnownFileType = sourcecode.swift; path = "View+Navigation.swift"; sourceTree = "<group>"; };
/* End PBXFileReference section */

/* Begin PBXFrameworksBuildPhase section */
		96B22E2C2769E70C00090F6E /* Frameworks */ = {
			isa = PBXFrameworksBuildPhase;
			buildActionMask = 2147483647;
			files = (
			);
			runOnlyForDeploymentPostprocessing = 0;
		};
		96B22E3C2769E70E00090F6E /* Frameworks */ = {
			isa = PBXFrameworksBuildPhase;
			buildActionMask = 2147483647;
			files = (
			);
			runOnlyForDeploymentPostprocessing = 0;
		};
		96B22E462769E70E00090F6E /* Frameworks */ = {
			isa = PBXFrameworksBuildPhase;
			buildActionMask = 2147483647;
			files = (
			);
			runOnlyForDeploymentPostprocessing = 0;
		};
/* End PBXFrameworksBuildPhase section */

/* Begin PBXGroup section */
		96B22E262769E70C00090F6E = {
			isa = PBXGroup;
			children = (
				96B22E312769E70C00090F6E /* CoffeIT-app */,
				96B22E422769E70E00090F6E /* CoffeIT-appTests */,
				96B22E4C2769E70E00090F6E /* CoffeIT-appUITests */,
				96B22E302769E70C00090F6E /* Products */,
			);
			sourceTree = "<group>";
		};
		96B22E302769E70C00090F6E /* Products */ = {
			isa = PBXGroup;
			children = (
				96B22E2F2769E70C00090F6E /* CoffeIT-app.app */,
				96B22E3F2769E70E00090F6E /* CoffeIT-appTests.xctest */,
				96B22E492769E70E00090F6E /* CoffeIT-appUITests.xctest */,
			);
			name = Products;
			sourceTree = "<group>";
		};
		96B22E312769E70C00090F6E /* CoffeIT-app */ = {
			isa = PBXGroup;
			children = (
				ED1CD7A1276ADD0300891BDC /* Helpers */,
				ED1CD79E276AD45400891BDC /* Presentation */,
				ED1CD78D276AC90100891BDC /* Data */,
				ED1CD78B276AC6F900891BDC /* Domain */,
				96B22E5D2769EA2100090F6E /* Services */,
				96B22E322769E70C00090F6E /* CoffeIT_appApp.swift */,
				96B22E342769E70C00090F6E /* ContentView.swift */,
				96B22E362769E70D00090F6E /* Assets.xcassets */,
				96B22E382769E70D00090F6E /* Preview Content */,
			);
			path = "CoffeIT-app";
			sourceTree = "<group>";
		};
		96B22E382769E70D00090F6E /* Preview Content */ = {
			isa = PBXGroup;
			children = (
				96B22E392769E70D00090F6E /* Preview Assets.xcassets */,
			);
			path = "Preview Content";
			sourceTree = "<group>";
		};
		96B22E422769E70E00090F6E /* CoffeIT-appTests */ = {
			isa = PBXGroup;
			children = (
				96B22E432769E70E00090F6E /* CoffeIT_appTests.swift */,
				96B22E63276A1BF600090F6E /* DITestCase.swift */,
				96B22E65276A2AAA00090F6E /* NetworkingTestCase.swift */,
				ED1CD792276ACE2100891BDC /* DataSourceTestCase.swift */,
				ED1CD794276ACE6B00891BDC /* Resources.swift */,
			);
			path = "CoffeIT-appTests";
			sourceTree = "<group>";
		};
		96B22E4C2769E70E00090F6E /* CoffeIT-appUITests */ = {
			isa = PBXGroup;
			children = (
				96B22E4D2769E70E00090F6E /* CoffeIT_appUITests.swift */,
				96B22E4F2769E70E00090F6E /* CoffeIT_appUITestsLaunchTests.swift */,
			);
			path = "CoffeIT-appUITests";
			sourceTree = "<group>";
		};
		96B22E5D2769EA2100090F6E /* Services */ = {
			isa = PBXGroup;
			children = (
				96B22E5F276A197A00090F6E /* Networking.swift */,
				96B22E61276A19B600090F6E /* DependenciesInjection.swift */,
			);
			path = Services;
			sourceTree = "<group>";
		};
		ED1CD78B276AC6F900891BDC /* Domain */ = {
			isa = PBXGroup;
			children = (
				ED1CD79B276AD09100891BDC /* Usecases */,
				ED1CD796276ACFE200891BDC /* Repositories */,
				ED1CD78C276AC70100891BDC /* Models */,
			);
			path = Domain;
			sourceTree = "<group>";
		};
		ED1CD78C276AC70100891BDC /* Models */ = {
			isa = PBXGroup;
			children = (
				ED1CD790276ACC2D00891BDC /* CoffeeMachine.swift */,
			);
			path = Models;
			sourceTree = "<group>";
		};
		ED1CD78D276AC90100891BDC /* Data */ = {
			isa = PBXGroup;
			children = (
				ED1CD78E276AC93E00891BDC /* RemoteRepository.swift */,
				ED1CD799276AD02200891BDC /* INetworking.swift */,
			);
			path = Data;
			sourceTree = "<group>";
		};
		ED1CD796276ACFE200891BDC /* Repositories */ = {
			isa = PBXGroup;
			children = (
				ED1CD797276ACFFB00891BDC /* IRemoteRepository.swift */,
			);
			path = Repositories;
			sourceTree = "<group>";
		};
		ED1CD79B276AD09100891BDC /* Usecases */ = {
			isa = PBXGroup;
			children = (
				ED1CD79C276AD0A600891BDC /* Usecase.swift */,
			);
			path = Usecases;
			sourceTree = "<group>";
		};
		ED1CD79E276AD45400891BDC /* Presentation */ = {
			isa = PBXGroup;
			children = (
				ED1CD79F276AD47F00891BDC /* LoaderView.swift */,
			);
			path = Presentation;
			sourceTree = "<group>";
		};
		ED1CD7A1276ADD0300891BDC /* Helpers */ = {
			isa = PBXGroup;
			children = (
				ED1CD7A2276ADD1200891BDC /* View+Navigation.swift */,
			);
			path = Helpers;
			sourceTree = "<group>";
		};
/* End PBXGroup section */

/* Begin PBXNativeTarget section */
		96B22E2E2769E70C00090F6E /* CoffeIT-app */ = {
			isa = PBXNativeTarget;
			buildConfigurationList = 96B22E532769E70E00090F6E /* Build configuration list for PBXNativeTarget "CoffeIT-app" */;
			buildPhases = (
				96B22E2B2769E70C00090F6E /* Sources */,
				96B22E2C2769E70C00090F6E /* Frameworks */,
				96B22E2D2769E70C00090F6E /* Resources */,
			);
			buildRules = (
			);
			dependencies = (
			);
			name = "CoffeIT-app";
			productName = "CoffeIT-app";
			productReference = 96B22E2F2769E70C00090F6E /* CoffeIT-app.app */;
			productType = "com.apple.product-type.application";
		};
		96B22E3E2769E70E00090F6E /* CoffeIT-appTests */ = {
			isa = PBXNativeTarget;
			buildConfigurationList = 96B22E562769E70E00090F6E /* Build configuration list for PBXNativeTarget "CoffeIT-appTests" */;
			buildPhases = (
				96B22E3B2769E70E00090F6E /* Sources */,
				96B22E3C2769E70E00090F6E /* Frameworks */,
				96B22E3D2769E70E00090F6E /* Resources */,
			);
			buildRules = (
			);
			dependencies = (
				96B22E412769E70E00090F6E /* PBXTargetDependency */,
			);
			name = "CoffeIT-appTests";
			productName = "CoffeIT-appTests";
			productReference = 96B22E3F2769E70E00090F6E /* CoffeIT-appTests.xctest */;
			productType = "com.apple.product-type.bundle.unit-test";
		};
		96B22E482769E70E00090F6E /* CoffeIT-appUITests */ = {
			isa = PBXNativeTarget;
			buildConfigurationList = 96B22E592769E70E00090F6E /* Build configuration list for PBXNativeTarget "CoffeIT-appUITests" */;
			buildPhases = (
				96B22E452769E70E00090F6E /* Sources */,
				96B22E462769E70E00090F6E /* Frameworks */,
				96B22E472769E70E00090F6E /* Resources */,
			);
			buildRules = (
			);
			dependencies = (
				96B22E4B2769E70E00090F6E /* PBXTargetDependency */,
			);
			name = "CoffeIT-appUITests";
			productName = "CoffeIT-appUITests";
			productReference = 96B22E492769E70E00090F6E /* CoffeIT-appUITests.xctest */;
			productType = "com.apple.product-type.bundle.ui-testing";
		};
/* End PBXNativeTarget section */

/* Begin PBXProject section */
		96B22E272769E70C00090F6E /* Project object */ = {
			isa = PBXProject;
			attributes = {
				BuildIndependentTargetsInParallel = 1;
				LastSwiftUpdateCheck = 1320;
				LastUpgradeCheck = 1320;
				TargetAttributes = {
					96B22E2E2769E70C00090F6E = {
						CreatedOnToolsVersion = 13.2;
					};
					96B22E3E2769E70E00090F6E = {
						CreatedOnToolsVersion = 13.2;
						TestTargetID = 96B22E2E2769E70C00090F6E;
					};
					96B22E482769E70E00090F6E = {
						CreatedOnToolsVersion = 13.2;
						TestTargetID = 96B22E2E2769E70C00090F6E;
					};
				};
			};
			buildConfigurationList = 96B22E2A2769E70C00090F6E /* Build configuration list for PBXProject "CoffeIT-app" */;
			compatibilityVersion = "Xcode 13.0";
			developmentRegion = en;
			hasScannedForEncodings = 0;
			knownRegions = (
				en,
				Base,
			);
			mainGroup = 96B22E262769E70C00090F6E;
			productRefGroup = 96B22E302769E70C00090F6E /* Products */;
			projectDirPath = "";
			projectRoot = "";
			targets = (
				96B22E2E2769E70C00090F6E /* CoffeIT-app */,
				96B22E3E2769E70E00090F6E /* CoffeIT-appTests */,
				96B22E482769E70E00090F6E /* CoffeIT-appUITests */,
			);
		};
/* End PBXProject section */

/* Begin PBXResourcesBuildPhase section */
		96B22E2D2769E70C00090F6E /* Resources */ = {
			isa = PBXResourcesBuildPhase;
			buildActionMask = 2147483647;
			files = (
				96B22E3A2769E70D00090F6E /* Preview Assets.xcassets in Resources */,
				96B22E372769E70D00090F6E /* Assets.xcassets in Resources */,
			);
			runOnlyForDeploymentPostprocessing = 0;
		};
		96B22E3D2769E70E00090F6E /* Resources */ = {
			isa = PBXResourcesBuildPhase;
			buildActionMask = 2147483647;
			files = (
			);
			runOnlyForDeploymentPostprocessing = 0;
		};
		96B22E472769E70E00090F6E /* Resources */ = {
			isa = PBXResourcesBuildPhase;
			buildActionMask = 2147483647;
			files = (
			);
			runOnlyForDeploymentPostprocessing = 0;
		};
/* End PBXResourcesBuildPhase section */

/* Begin PBXSourcesBuildPhase section */
		96B22E2B2769E70C00090F6E /* Sources */ = {
			isa = PBXSourcesBuildPhase;
			buildActionMask = 2147483647;
			files = (
				96B22E62276A19B600090F6E /* DependenciesInjection.swift in Sources */,
				96B22E60276A197A00090F6E /* Networking.swift in Sources */,
				ED1CD798276ACFFB00891BDC /* IRemoteRepository.swift in Sources */,
				ED1CD79D276AD0A600891BDC /* Usecase.swift in Sources */,
				96B22E352769E70C00090F6E /* ContentView.swift in Sources */,
				ED1CD78F276AC93E00891BDC /* RemoteRepository.swift in Sources */,
				ED1CD79A276AD02200891BDC /* INetworking.swift in Sources */,
				ED1CD7A0276AD47F00891BDC /* LoaderView.swift in Sources */,
				96B22E332769E70C00090F6E /* CoffeIT_appApp.swift in Sources */,
				ED1CD791276ACC2D00891BDC /* CoffeeMachine.swift in Sources */,
				ED1CD7A3276ADD1200891BDC /* View+Navigation.swift in Sources */,
			);
			runOnlyForDeploymentPostprocessing = 0;
		};
		96B22E3B2769E70E00090F6E /* Sources */ = {
			isa = PBXSourcesBuildPhase;
			buildActionMask = 2147483647;
			files = (
				96B22E64276A1BF600090F6E /* DITestCase.swift in Sources */,
				96B22E442769E70E00090F6E /* CoffeIT_appTests.swift in Sources */,
				ED1CD793276ACE2100891BDC /* DataSourceTestCase.swift in Sources */,
				ED1CD795276ACE6B00891BDC /* Resources.swift in Sources */,
				96B22E66276A2AAA00090F6E /* NetworkingTestCase.swift in Sources */,
			);
			runOnlyForDeploymentPostprocessing = 0;
		};
		96B22E452769E70E00090F6E /* Sources */ = {
			isa = PBXSourcesBuildPhase;
			buildActionMask = 2147483647;
			files = (
				96B22E4E2769E70E00090F6E /* CoffeIT_appUITests.swift in Sources */,
				96B22E502769E70E00090F6E /* CoffeIT_appUITestsLaunchTests.swift in Sources */,
			);
			runOnlyForDeploymentPostprocessing = 0;
		};
/* End PBXSourcesBuildPhase section */

/* Begin PBXTargetDependency section */
		96B22E412769E70E00090F6E /* PBXTargetDependency */ = {
			isa = PBXTargetDependency;
			target = 96B22E2E2769E70C00090F6E /* CoffeIT-app */;
			targetProxy = 96B22E402769E70E00090F6E /* PBXContainerItemProxy */;
		};
		96B22E4B2769E70E00090F6E /* PBXTargetDependency */ = {
			isa = PBXTargetDependency;
			target = 96B22E2E2769E70C00090F6E /* CoffeIT-app */;
			targetProxy = 96B22E4A2769E70E00090F6E /* PBXContainerItemProxy */;
		};
/* End PBXTargetDependency section */

/* Begin XCBuildConfiguration section */
		96B22E512769E70E00090F6E /* Debug */ = {
			isa = XCBuildConfiguration;
			buildSettings = {
				ALWAYS_SEARCH_USER_PATHS = NO;
				CLANG_ANALYZER_NONNULL = YES;
				CLANG_ANALYZER_NUMBER_OBJECT_CONVERSION = YES_AGGRESSIVE;
				CLANG_CXX_LANGUAGE_STANDARD = "gnu++17";
				CLANG_CXX_LIBRARY = "libc++";
				CLANG_ENABLE_MODULES = YES;
				CLANG_ENABLE_OBJC_ARC = YES;
				CLANG_ENABLE_OBJC_WEAK = YES;
				CLANG_WARN_BLOCK_CAPTURE_AUTORELEASING = YES;
				CLANG_WARN_BOOL_CONVERSION = YES;
				CLANG_WARN_COMMA = YES;
				CLANG_WARN_CONSTANT_CONVERSION = YES;
				CLANG_WARN_DEPRECATED_OBJC_IMPLEMENTATIONS = YES;
				CLANG_WARN_DIRECT_OBJC_ISA_USAGE = YES_ERROR;
				CLANG_WARN_DOCUMENTATION_COMMENTS = YES;
				CLANG_WARN_EMPTY_BODY = YES;
				CLANG_WARN_ENUM_CONVERSION = YES;
				CLANG_WARN_INFINITE_RECURSION = YES;
				CLANG_WARN_INT_CONVERSION = YES;
				CLANG_WARN_NON_LITERAL_NULL_CONVERSION = YES;
				CLANG_WARN_OBJC_IMPLICIT_RETAIN_SELF = YES;
				CLANG_WARN_OBJC_LITERAL_CONVERSION = YES;
				CLANG_WARN_OBJC_ROOT_CLASS = YES_ERROR;
				CLANG_WARN_QUOTED_INCLUDE_IN_FRAMEWORK_HEADER = YES;
				CLANG_WARN_RANGE_LOOP_ANALYSIS = YES;
				CLANG_WARN_STRICT_PROTOTYPES = YES;
				CLANG_WARN_SUSPICIOUS_MOVE = YES;
				CLANG_WARN_UNGUARDED_AVAILABILITY = YES_AGGRESSIVE;
				CLANG_WARN_UNREACHABLE_CODE = YES;
				CLANG_WARN__DUPLICATE_METHOD_MATCH = YES;
				COPY_PHASE_STRIP = NO;
				DEBUG_INFORMATION_FORMAT = dwarf;
				ENABLE_STRICT_OBJC_MSGSEND = YES;
				ENABLE_TESTABILITY = YES;
				GCC_C_LANGUAGE_STANDARD = gnu11;
				GCC_DYNAMIC_NO_PIC = NO;
				GCC_NO_COMMON_BLOCKS = YES;
				GCC_OPTIMIZATION_LEVEL = 0;
				GCC_PREPROCESSOR_DEFINITIONS = (
					"DEBUG=1",
					"$(inherited)",
				);
				GCC_WARN_64_TO_32_BIT_CONVERSION = YES;
				GCC_WARN_ABOUT_RETURN_TYPE = YES_ERROR;
				GCC_WARN_UNDECLARED_SELECTOR = YES;
				GCC_WARN_UNINITIALIZED_AUTOS = YES_AGGRESSIVE;
				GCC_WARN_UNUSED_FUNCTION = YES;
				GCC_WARN_UNUSED_VARIABLE = YES;
				IPHONEOS_DEPLOYMENT_TARGET = 15.2;
				MTL_ENABLE_DEBUG_INFO = INCLUDE_SOURCE;
				MTL_FAST_MATH = YES;
				ONLY_ACTIVE_ARCH = YES;
				SDKROOT = iphoneos;
				SWIFT_ACTIVE_COMPILATION_CONDITIONS = DEBUG;
				SWIFT_OPTIMIZATION_LEVEL = "-Onone";
			};
			name = Debug;
		};
		96B22E522769E70E00090F6E /* Release */ = {
			isa = XCBuildConfiguration;
			buildSettings = {
				ALWAYS_SEARCH_USER_PATHS = NO;
				CLANG_ANALYZER_NONNULL = YES;
				CLANG_ANALYZER_NUMBER_OBJECT_CONVERSION = YES_AGGRESSIVE;
				CLANG_CXX_LANGUAGE_STANDARD = "gnu++17";
				CLANG_CXX_LIBRARY = "libc++";
				CLANG_ENABLE_MODULES = YES;
				CLANG_ENABLE_OBJC_ARC = YES;
				CLANG_ENABLE_OBJC_WEAK = YES;
				CLANG_WARN_BLOCK_CAPTURE_AUTORELEASING = YES;
				CLANG_WARN_BOOL_CONVERSION = YES;
				CLANG_WARN_COMMA = YES;
				CLANG_WARN_CONSTANT_CONVERSION = YES;
				CLANG_WARN_DEPRECATED_OBJC_IMPLEMENTATIONS = YES;
				CLANG_WARN_DIRECT_OBJC_ISA_USAGE = YES_ERROR;
				CLANG_WARN_DOCUMENTATION_COMMENTS = YES;
				CLANG_WARN_EMPTY_BODY = YES;
				CLANG_WARN_ENUM_CONVERSION = YES;
				CLANG_WARN_INFINITE_RECURSION = YES;
				CLANG_WARN_INT_CONVERSION = YES;
				CLANG_WARN_NON_LITERAL_NULL_CONVERSION = YES;
				CLANG_WARN_OBJC_IMPLICIT_RETAIN_SELF = YES;
				CLANG_WARN_OBJC_LITERAL_CONVERSION = YES;
				CLANG_WARN_OBJC_ROOT_CLASS = YES_ERROR;
				CLANG_WARN_QUOTED_INCLUDE_IN_FRAMEWORK_HEADER = YES;
				CLANG_WARN_RANGE_LOOP_ANALYSIS = YES;
				CLANG_WARN_STRICT_PROTOTYPES = YES;
				CLANG_WARN_SUSPICIOUS_MOVE = YES;
				CLANG_WARN_UNGUARDED_AVAILABILITY = YES_AGGRESSIVE;
				CLANG_WARN_UNREACHABLE_CODE = YES;
				CLANG_WARN__DUPLICATE_METHOD_MATCH = YES;
				COPY_PHASE_STRIP = NO;
				DEBUG_INFORMATION_FORMAT = "dwarf-with-dsym";
				ENABLE_NS_ASSERTIONS = NO;
				ENABLE_STRICT_OBJC_MSGSEND = YES;
				GCC_C_LANGUAGE_STANDARD = gnu11;
				GCC_NO_COMMON_BLOCKS = YES;
				GCC_WARN_64_TO_32_BIT_CONVERSION = YES;
				GCC_WARN_ABOUT_RETURN_TYPE = YES_ERROR;
				GCC_WARN_UNDECLARED_SELECTOR = YES;
				GCC_WARN_UNINITIALIZED_AUTOS = YES_AGGRESSIVE;
				GCC_WARN_UNUSED_FUNCTION = YES;
				GCC_WARN_UNUSED_VARIABLE = YES;
				IPHONEOS_DEPLOYMENT_TARGET = 15.2;
				MTL_ENABLE_DEBUG_INFO = NO;
				MTL_FAST_MATH = YES;
				SDKROOT = iphoneos;
				SWIFT_COMPILATION_MODE = wholemodule;
				SWIFT_OPTIMIZATION_LEVEL = "-O";
				VALIDATE_PRODUCT = YES;
			};
			name = Release;
		};
		96B22E542769E70E00090F6E /* Debug */ = {
			isa = XCBuildConfiguration;
			buildSettings = {
				ASSETCATALOG_COMPILER_APPICON_NAME = AppIcon;
				ASSETCATALOG_COMPILER_GLOBAL_ACCENT_COLOR_NAME = AccentColor;
				CODE_SIGN_STYLE = Automatic;
				CURRENT_PROJECT_VERSION = 1;
				DEVELOPMENT_ASSET_PATHS = "\"CoffeIT-app/Preview Content\"";
				DEVELOPMENT_TEAM = NL53BFH4CA;
				ENABLE_PREVIEWS = YES;
				GENERATE_INFOPLIST_FILE = YES;
				INFOPLIST_KEY_UIApplicationSceneManifest_Generation = YES;
				INFOPLIST_KEY_UIApplicationSupportsIndirectInputEvents = YES;
				INFOPLIST_KEY_UILaunchScreen_Generation = YES;
				INFOPLIST_KEY_UISupportedInterfaceOrientations_iPad = "UIInterfaceOrientationPortrait UIInterfaceOrientationPortraitUpsideDown UIInterfaceOrientationLandscapeLeft UIInterfaceOrientationLandscapeRight";
				INFOPLIST_KEY_UISupportedInterfaceOrientations_iPhone = "UIInterfaceOrientationPortrait UIInterfaceOrientationLandscapeLeft UIInterfaceOrientationLandscapeRight";
				LD_RUNPATH_SEARCH_PATHS = (
					"$(inherited)",
					"@executable_path/Frameworks",
				);
				MARKETING_VERSION = 1.0;
				PRODUCT_BUNDLE_IDENTIFIER = "com.virych.CoffeIT-app";
				PRODUCT_NAME = "$(TARGET_NAME)";
				SWIFT_EMIT_LOC_STRINGS = YES;
				SWIFT_VERSION = 5.0;
				TARGETED_DEVICE_FAMILY = "1,2";
			};
			name = Debug;
		};
		96B22E552769E70E00090F6E /* Release */ = {
			isa = XCBuildConfiguration;
			buildSettings = {
				ASSETCATALOG_COMPILER_APPICON_NAME = AppIcon;
				ASSETCATALOG_COMPILER_GLOBAL_ACCENT_COLOR_NAME = AccentColor;
				CODE_SIGN_STYLE = Automatic;
				CURRENT_PROJECT_VERSION = 1;
				DEVELOPMENT_ASSET_PATHS = "\"CoffeIT-app/Preview Content\"";
				DEVELOPMENT_TEAM = NL53BFH4CA;
				ENABLE_PREVIEWS = YES;
				GENERATE_INFOPLIST_FILE = YES;
				INFOPLIST_KEY_UIApplicationSceneManifest_Generation = YES;
				INFOPLIST_KEY_UIApplicationSupportsIndirectInputEvents = YES;
				INFOPLIST_KEY_UILaunchScreen_Generation = YES;
				INFOPLIST_KEY_UISupportedInterfaceOrientations_iPad = "UIInterfaceOrientationPortrait UIInterfaceOrientationPortraitUpsideDown UIInterfaceOrientationLandscapeLeft UIInterfaceOrientationLandscapeRight";
				INFOPLIST_KEY_UISupportedInterfaceOrientations_iPhone = "UIInterfaceOrientationPortrait UIInterfaceOrientationLandscapeLeft UIInterfaceOrientationLandscapeRight";
				LD_RUNPATH_SEARCH_PATHS = (
					"$(inherited)",
					"@executable_path/Frameworks",
				);
				MARKETING_VERSION = 1.0;
				PRODUCT_BUNDLE_IDENTIFIER = "com.virych.CoffeIT-app";
				PRODUCT_NAME = "$(TARGET_NAME)";
				SWIFT_EMIT_LOC_STRINGS = YES;
				SWIFT_VERSION = 5.0;
				TARGETED_DEVICE_FAMILY = "1,2";
			};
			name = Release;
		};
		96B22E572769E70E00090F6E /* Debug */ = {
			isa = XCBuildConfiguration;
			buildSettings = {
				ALWAYS_EMBED_SWIFT_STANDARD_LIBRARIES = YES;
				BUNDLE_LOADER = "$(TEST_HOST)";
				CODE_SIGN_STYLE = Automatic;
				CURRENT_PROJECT_VERSION = 1;
				DEVELOPMENT_TEAM = NL53BFH4CA;
				GENERATE_INFOPLIST_FILE = YES;
				IPHONEOS_DEPLOYMENT_TARGET = 15.2;
				MARKETING_VERSION = 1.0;
				PRODUCT_BUNDLE_IDENTIFIER = "com.virych.CoffeIT-appTests";
				PRODUCT_NAME = "$(TARGET_NAME)";
				SWIFT_EMIT_LOC_STRINGS = NO;
				SWIFT_VERSION = 5.0;
				TARGETED_DEVICE_FAMILY = "1,2";
				TEST_HOST = "$(BUILT_PRODUCTS_DIR)/CoffeIT-app.app/CoffeIT-app";
			};
			name = Debug;
		};
		96B22E582769E70E00090F6E /* Release */ = {
			isa = XCBuildConfiguration;
			buildSettings = {
				ALWAYS_EMBED_SWIFT_STANDARD_LIBRARIES = YES;
				BUNDLE_LOADER = "$(TEST_HOST)";
				CODE_SIGN_STYLE = Automatic;
				CURRENT_PROJECT_VERSION = 1;
				DEVELOPMENT_TEAM = NL53BFH4CA;
				GENERATE_INFOPLIST_FILE = YES;
				IPHONEOS_DEPLOYMENT_TARGET = 15.2;
				MARKETING_VERSION = 1.0;
				PRODUCT_BUNDLE_IDENTIFIER = "com.virych.CoffeIT-appTests";
				PRODUCT_NAME = "$(TARGET_NAME)";
				SWIFT_EMIT_LOC_STRINGS = NO;
				SWIFT_VERSION = 5.0;
				TARGETED_DEVICE_FAMILY = "1,2";
				TEST_HOST = "$(BUILT_PRODUCTS_DIR)/CoffeIT-app.app/CoffeIT-app";
			};
			name = Release;
		};
		96B22E5A2769E70E00090F6E /* Debug */ = {
			isa = XCBuildConfiguration;
			buildSettings = {
				ALWAYS_EMBED_SWIFT_STANDARD_LIBRARIES = YES;
				CODE_SIGN_STYLE = Automatic;
				CURRENT_PROJECT_VERSION = 1;
				DEVELOPMENT_TEAM = NL53BFH4CA;
				GENERATE_INFOPLIST_FILE = YES;
				MARKETING_VERSION = 1.0;
				PRODUCT_BUNDLE_IDENTIFIER = "com.virych.CoffeIT-appUITests";
				PRODUCT_NAME = "$(TARGET_NAME)";
				SWIFT_EMIT_LOC_STRINGS = NO;
				SWIFT_VERSION = 5.0;
				TARGETED_DEVICE_FAMILY = "1,2";
				TEST_TARGET_NAME = "CoffeIT-app";
			};
			name = Debug;
		};
		96B22E5B2769E70E00090F6E /* Release */ = {
			isa = XCBuildConfiguration;
			buildSettings = {
				ALWAYS_EMBED_SWIFT_STANDARD_LIBRARIES = YES;
				CODE_SIGN_STYLE = Automatic;
				CURRENT_PROJECT_VERSION = 1;
				DEVELOPMENT_TEAM = NL53BFH4CA;
				GENERATE_INFOPLIST_FILE = YES;
				MARKETING_VERSION = 1.0;
				PRODUCT_BUNDLE_IDENTIFIER = "com.virych.CoffeIT-appUITests";
				PRODUCT_NAME = "$(TARGET_NAME)";
				SWIFT_EMIT_LOC_STRINGS = NO;
				SWIFT_VERSION = 5.0;
				TARGETED_DEVICE_FAMILY = "1,2";
				TEST_TARGET_NAME = "CoffeIT-app";
			};
			name = Release;
		};
/* End XCBuildConfiguration section */

/* Begin XCConfigurationList section */
		96B22E2A2769E70C00090F6E /* Build configuration list for PBXProject "CoffeIT-app" */ = {
			isa = XCConfigurationList;
			buildConfigurations = (
				96B22E512769E70E00090F6E /* Debug */,
				96B22E522769E70E00090F6E /* Release */,
			);
			defaultConfigurationIsVisible = 0;
			defaultConfigurationName = Release;
		};
		96B22E532769E70E00090F6E /* Build configuration list for PBXNativeTarget "CoffeIT-app" */ = {
			isa = XCConfigurationList;
			buildConfigurations = (
				96B22E542769E70E00090F6E /* Debug */,
				96B22E552769E70E00090F6E /* Release */,
			);
			defaultConfigurationIsVisible = 0;
			defaultConfigurationName = Release;
		};
		96B22E562769E70E00090F6E /* Build configuration list for PBXNativeTarget "CoffeIT-appTests" */ = {
			isa = XCConfigurationList;
			buildConfigurations = (
				96B22E572769E70E00090F6E /* Debug */,
				96B22E582769E70E00090F6E /* Release */,
			);
			defaultConfigurationIsVisible = 0;
			defaultConfigurationName = Release;
		};
		96B22E592769E70E00090F6E /* Build configuration list for PBXNativeTarget "CoffeIT-appUITests" */ = {
			isa = XCConfigurationList;
			buildConfigurations = (
				96B22E5A2769E70E00090F6E /* Debug */,
				96B22E5B2769E70E00090F6E /* Release */,
			);
			defaultConfigurationIsVisible = 0;
			defaultConfigurationName = Release;
		};
/* End XCConfigurationList section */
	};
	rootObject = 96B22E272769E70C00090F6E /* Project object */;
}
